{
  "name": "_pack-test",
  "version": "1.0.0",
  "lockfileVersion": 3,
  "requires": true,
  "packages": {
    "": {
      "name": "_pack-test",
      "version": "1.0.0",
      "license": "ISC",
      "dependencies": {
        "@dandan/bead-core": "file:../dandan-bead-core-0.1.0.tgz"
      }
    },
    "node_modules/@dandan/bead-core": {
      "version": "0.1.0",
      "resolved": "file:../dandan-bead-core-0.1.0.tgz",
      "integrity": "sha512-64Yn/HvtB4sP1g7UaXUpcri676MQW0EHvSGqFEKPmqnmEMKBPAS3YcqPZwlChc/Fg+UbedeH0NnxcfvtolKApg==",
      "license": "MIT",
      "engines": {
        "node": ">=18"
      }
    }
  }
}
